// !$*UTF8*$!
{
	archiveVersion = 1;
	classes = {
	};
	objectVersion = 48;
	objects = {

/* Begin PBXBuildFile section */
		C82C2A78206C8304002F81C5 /* PaketWisataViewController.swift in Sources */ = {isa = PBXBuildFile; fileRef = C82C2A77206C8304002F81C5 /* PaketWisataViewController.swift */; };
		C82C2A7A206C9586002F81C5 /* TambahPaketViewController.swift in Sources */ = {isa = PBXBuildFile; fileRef = C82C2A79206C9586002F81C5 /* TambahPaketViewController.swift */; };
		C82C2A7C206C9609002F81C5 /* PilihWisataViewController.swift in Sources */ = {isa = PBXBuildFile; fileRef = C82C2A7B206C9609002F81C5 /* PilihWisataViewController.swift */; };
		C82C2A7E206CA911002F81C5 /* TambahWisataViewController.swift in Sources */ = {isa = PBXBuildFile; fileRef = C82C2A7D206CA911002F81C5 /* TambahWisataViewController.swift */; };
		C82C2A80206CADA2002F81C5 /* HalamanUtamaViewController.swift in Sources */ = {isa = PBXBuildFile; fileRef = C82C2A7F206CADA2002F81C5 /* HalamanUtamaViewController.swift */; };
		C82C2A82206CD19B002F81C5 /* PilihPenginapanViewController.swift in Sources */ = {isa = PBXBuildFile; fileRef = C82C2A81206CD19B002F81C5 /* PilihPenginapanViewController.swift */; };
		C82C2A84206CD4C7002F81C5 /* TambahPenginapanViewController.swift in Sources */ = {isa = PBXBuildFile; fileRef = C82C2A83206CD4C7002F81C5 /* TambahPenginapanViewController.swift */; };
		C84090702074688D00B3EDD7 /* DetailPaketViewController.swift in Sources */ = {isa = PBXBuildFile; fileRef = C840906F2074688D00B3EDD7 /* DetailPaketViewController.swift */; };
		C840907C2074847C00B3EDD7 /* AddCustomerViewController.swift in Sources */ = {isa = PBXBuildFile; fileRef = C84090732074847B00B3EDD7 /* AddCustomerViewController.swift */; };
		C840907D2074847C00B3EDD7 /* EditJadwalViewController.swift in Sources */ = {isa = PBXBuildFile; fileRef = C84090742074847B00B3EDD7 /* EditJadwalViewController.swift */; };
		C840907E2074847C00B3EDD7 /* AddReservasiViewController.swift in Sources */ = {isa = PBXBuildFile; fileRef = C84090752074847C00B3EDD7 /* AddReservasiViewController.swift */; };
		C840907F2074847C00B3EDD7 /* ReservasiViewController.swift in Sources */ = {isa = PBXBuildFile; fileRef = C84090762074847C00B3EDD7 /* ReservasiViewController.swift */; };
		C84090802074847C00B3EDD7 /* TambahJadwalViewController.swift in Sources */ = {isa = PBXBuildFile; fileRef = C84090772074847C00B3EDD7 /* TambahJadwalViewController.swift */; };
		C84090812074847C00B3EDD7 /* UpdateCustomerViewController.swift in Sources */ = {isa = PBXBuildFile; fileRef = C84090782074847C00B3EDD7 /* UpdateCustomerViewController.swift */; };
		C84090822074847C00B3EDD7 /* SelectCustomerViewController.swift in Sources */ = {isa = PBXBuildFile; fileRef = C84090792074847C00B3EDD7 /* SelectCustomerViewController.swift */; };
		C84090832074847C00B3EDD7 /* ListCustomerViewController.swift in Sources */ = {isa = PBXBuildFile; fileRef = C840907A2074847C00B3EDD7 /* ListCustomerViewController.swift */; };
		C84090842074847C00B3EDD7 /* ListJadwalViewController.swift in Sources */ = {isa = PBXBuildFile; fileRef = C840907B2074847C00B3EDD7 /* ListJadwalViewController.swift */; };
		C8409089207486B100B3EDD7 /* SelectCustomerTableViewCell.swift in Sources */ = {isa = PBXBuildFile; fileRef = C8409085207486B100B3EDD7 /* SelectCustomerTableViewCell.swift */; };
		C840908A207486B100B3EDD7 /* ListCustomerTableViewCell.swift in Sources */ = {isa = PBXBuildFile; fileRef = C8409086207486B100B3EDD7 /* ListCustomerTableViewCell.swift */; };
		C840908B207486B100B3EDD7 /* ListJadwalTableViewCell.swift in Sources */ = {isa = PBXBuildFile; fileRef = C8409087207486B100B3EDD7 /* ListJadwalTableViewCell.swift */; };
		C840908C207486B100B3EDD7 /* ReservasiTableViewCell.swift in Sources */ = {isa = PBXBuildFile; fileRef = C8409088207486B100B3EDD7 /* ReservasiTableViewCell.swift */; };
		C840908E207493A000B3EDD7 /* PilihPaketViewController.swift in Sources */ = {isa = PBXBuildFile; fileRef = C840908D207493A000B3EDD7 /* PilihPaketViewController.swift */; };
		C84090902074BB9900B3EDD7 /* EditPaketViewController.swift in Sources */ = {isa = PBXBuildFile; fileRef = C840908F2074BB9900B3EDD7 /* EditPaketViewController.swift */; };
		C8452C642075D24000E34334 /* DetailReservasiViewController.swift in Sources */ = {isa = PBXBuildFile; fileRef = C8452C632075D24000E34334 /* DetailReservasiViewController.swift */; };
		C84B7E1A2073274200551DCA /* PaketWisataTableViewCell.swift in Sources */ = {isa = PBXBuildFile; fileRef = C84B7E192073274200551DCA /* PaketWisataTableViewCell.swift */; };
		C84DC6C4206B592500C0BDA0 /* AppDelegate.swift in Sources */ = {isa = PBXBuildFile; fileRef = C84DC6C3206B592500C0BDA0 /* AppDelegate.swift */; };
		C84DC6C6206B592500C0BDA0 /* ViewController.swift in Sources */ = {isa = PBXBuildFile; fileRef = C84DC6C5206B592500C0BDA0 /* ViewController.swift */; };
		C84DC6C9206B592500C0BDA0 /* Main.storyboard in Resources */ = {isa = PBXBuildFile; fileRef = C84DC6C7206B592500C0BDA0 /* Main.storyboard */; };
		C84DC6CB206B592500C0BDA0 /* Assets.xcassets in Resources */ = {isa = PBXBuildFile; fileRef = C84DC6CA206B592500C0BDA0 /* Assets.xcassets */; };
		C84DC6CE206B592500C0BDA0 /* LaunchScreen.storyboard in Resources */ = {isa = PBXBuildFile; fileRef = C84DC6CC206B592500C0BDA0 /* LaunchScreen.storyboard */; };
		C84DC6D9206B592500C0BDA0 /* MiniProjectTests.swift in Sources */ = {isa = PBXBuildFile; fileRef = C84DC6D8206B592500C0BDA0 /* MiniProjectTests.swift */; };
		C84DC6E4206B592500C0BDA0 /* MiniProjectUITests.swift in Sources */ = {isa = PBXBuildFile; fileRef = C84DC6E3206B592500C0BDA0 /* MiniProjectUITests.swift */; };
		C84DC6F3206B59EB00C0BDA0 /* DBWrapper.swift in Sources */ = {isa = PBXBuildFile; fileRef = C84DC6F2206B59EB00C0BDA0 /* DBWrapper.swift */; };
		C84DC6F7206B81DA00C0BDA0 /* LoginViewController.swift in Sources */ = {isa = PBXBuildFile; fileRef = C84DC6F6206B81DA00C0BDA0 /* LoginViewController.swift */; };
		C84DC6F9206B9E5100C0BDA0 /* Utilities.swift in Sources */ = {isa = PBXBuildFile; fileRef = C84DC6F8206B9E5100C0BDA0 /* Utilities.swift */; };
		C84DC6FB206B9F0400C0BDA0 /* RegisterViewController.swift in Sources */ = {isa = PBXBuildFile; fileRef = C84DC6FA206B9F0400C0BDA0 /* RegisterViewController.swift */; };
		C8F1917F206CF615003F8B8B /* UbahWisataViewController.swift in Sources */ = {isa = PBXBuildFile; fileRef = C8F1917E206CF615003F8B8B /* UbahWisataViewController.swift */; };
		C8FA689E2072237C00F3D52E /* UbahPenginapanViewController.swift in Sources */ = {isa = PBXBuildFile; fileRef = C8FA689D2072237C00F3D52E /* UbahPenginapanViewController.swift */; };
		C8FA68A020722D3E00F3D52E /* PilihTransportasiViewController.swift in Sources */ = {isa = PBXBuildFile; fileRef = C8FA689F20722D3D00F3D52E /* PilihTransportasiViewController.swift */; };
		C8FA68A220723CBC00F3D52E /* TambahTransportasiViewController.swift in Sources */ = {isa = PBXBuildFile; fileRef = C8FA68A120723CBC00F3D52E /* TambahTransportasiViewController.swift */; };
		C8FA68A420723D6B00F3D52E /* UbahTransportasiViewController.swift in Sources */ = {isa = PBXBuildFile; fileRef = C8FA68A320723D6B00F3D52E /* UbahTransportasiViewController.swift */; };
/* End PBXBuildFile section */

/* Begin PBXContainerItemProxy section */
		C84DC6D5206B592500C0BDA0 /* PBXContainerItemProxy */ = {
			isa = PBXContainerItemProxy;
			containerPortal = C84DC6B8206B592500C0BDA0 /* Project object */;
			proxyType = 1;
			remoteGlobalIDString = C84DC6BF206B592500C0BDA0;
			remoteInfo = MiniProject;
		};
		C84DC6E0206B592500C0BDA0 /* PBXContainerItemProxy */ = {
			isa = PBXContainerItemProxy;
			containerPortal = C84DC6B8206B592500C0BDA0 /* Project object */;
			proxyType = 1;
			remoteGlobalIDString = C84DC6BF206B592500C0BDA0;
			remoteInfo = MiniProject;
		};
/* End PBXContainerItemProxy section */

/* Begin PBXFileReference section */
		C82C2A77206C8304002F81C5 /* PaketWisataViewController.swift */ = {isa = PBXFileReference; lastKnownFileType = sourcecode.swift; path = PaketWisataViewController.swift; sourceTree = "<group>"; };
		C82C2A79206C9586002F81C5 /* TambahPaketViewController.swift */ = {isa = PBXFileReference; lastKnownFileType = sourcecode.swift; path = TambahPaketViewController.swift; sourceTree = "<group>"; };
		C82C2A7B206C9609002F81C5 /* PilihWisataViewController.swift */ = {isa = PBXFileReference; lastKnownFileType = sourcecode.swift; path = PilihWisataViewController.swift; sourceTree = "<group>"; };
		C82C2A7D206CA911002F81C5 /* TambahWisataViewController.swift */ = {isa = PBXFileReference; lastKnownFileType = sourcecode.swift; path = TambahWisataViewController.swift; sourceTree = "<group>"; };
		C82C2A7F206CADA2002F81C5 /* HalamanUtamaViewController.swift */ = {isa = PBXFileReference; lastKnownFileType = sourcecode.swift; path = HalamanUtamaViewController.swift; sourceTree = "<group>"; };
		C82C2A81206CD19B002F81C5 /* PilihPenginapanViewController.swift */ = {isa = PBXFileReference; lastKnownFileType = sourcecode.swift; path = PilihPenginapanViewController.swift; sourceTree = "<group>"; };
		C82C2A83206CD4C7002F81C5 /* TambahPenginapanViewController.swift */ = {isa = PBXFileReference; lastKnownFileType = sourcecode.swift; path = TambahPenginapanViewController.swift; sourceTree = "<group>"; };
		C840906F2074688D00B3EDD7 /* DetailPaketViewController.swift */ = {isa = PBXFileReference; lastKnownFileType = sourcecode.swift; path = DetailPaketViewController.swift; sourceTree = "<group>"; };
		C84090732074847B00B3EDD7 /* AddCustomerViewController.swift */ = {isa = PBXFileReference; fileEncoding = 4; lastKnownFileType = sourcecode.swift; path = AddCustomerViewController.swift; sourceTree = "<group>"; };
		C84090742074847B00B3EDD7 /* EditJadwalViewController.swift */ = {isa = PBXFileReference; fileEncoding = 4; lastKnownFileType = sourcecode.swift; path = EditJadwalViewController.swift; sourceTree = "<group>"; };
		C84090752074847C00B3EDD7 /* AddReservasiViewController.swift */ = {isa = PBXFileReference; fileEncoding = 4; lastKnownFileType = sourcecode.swift; path = AddReservasiViewController.swift; sourceTree = "<group>"; };
		C84090762074847C00B3EDD7 /* ReservasiViewController.swift */ = {isa = PBXFileReference; fileEncoding = 4; lastKnownFileType = sourcecode.swift; path = ReservasiViewController.swift; sourceTree = "<group>"; };
		C84090772074847C00B3EDD7 /* TambahJadwalViewController.swift */ = {isa = PBXFileReference; fileEncoding = 4; lastKnownFileType = sourcecode.swift; path = TambahJadwalViewController.swift; sourceTree = "<group>"; };
		C84090782074847C00B3EDD7 /* UpdateCustomerViewController.swift */ = {isa = PBXFileReference; fileEncoding = 4; lastKnownFileType = sourcecode.swift; path = UpdateCustomerViewController.swift; sourceTree = "<group>"; };
		C84090792074847C00B3EDD7 /* SelectCustomerViewController.swift */ = {isa = PBXFileReference; fileEncoding = 4; lastKnownFileType = sourcecode.swift; path = SelectCustomerViewController.swift; sourceTree = "<group>"; };
		C840907A2074847C00B3EDD7 /* ListCustomerViewController.swift */ = {isa = PBXFileReference; fileEncoding = 4; lastKnownFileType = sourcecode.swift; path = ListCustomerViewController.swift; sourceTree = "<group>"; };
		C840907B2074847C00B3EDD7 /* ListJadwalViewController.swift */ = {isa = PBXFileReference; fileEncoding = 4; lastKnownFileType = sourcecode.swift; path = ListJadwalViewController.swift; sourceTree = "<group>"; };
		C8409085207486B100B3EDD7 /* SelectCustomerTableViewCell.swift */ = {isa = PBXFileReference; fileEncoding = 4; lastKnownFileType = sourcecode.swift; path = SelectCustomerTableViewCell.swift; sourceTree = "<group>"; };
		C8409086207486B100B3EDD7 /* ListCustomerTableViewCell.swift */ = {isa = PBXFileReference; fileEncoding = 4; lastKnownFileType = sourcecode.swift; path = ListCustomerTableViewCell.swift; sourceTree = "<group>"; };
		C8409087207486B100B3EDD7 /* ListJadwalTableViewCell.swift */ = {isa = PBXFileReference; fileEncoding = 4; lastKnownFileType = sourcecode.swift; path = ListJadwalTableViewCell.swift; sourceTree = "<group>"; };
		C8409088207486B100B3EDD7 /* ReservasiTableViewCell.swift */ = {isa = PBXFileReference; fileEncoding = 4; lastKnownFileType = sourcecode.swift; path = ReservasiTableViewCell.swift; sourceTree = "<group>"; };
		C840908D207493A000B3EDD7 /* PilihPaketViewController.swift */ = {isa = PBXFileReference; lastKnownFileType = sourcecode.swift; path = PilihPaketViewController.swift; sourceTree = "<group>"; };
		C840908F2074BB9900B3EDD7 /* EditPaketViewController.swift */ = {isa = PBXFileReference; lastKnownFileType = sourcecode.swift; path = EditPaketViewController.swift; sourceTree = "<group>"; };
		C8452C632075D24000E34334 /* DetailReservasiViewController.swift */ = {isa = PBXFileReference; lastKnownFileType = sourcecode.swift; path = DetailReservasiViewController.swift; sourceTree = "<group>"; };
		C84B7E192073274200551DCA /* PaketWisataTableViewCell.swift */ = {isa = PBXFileReference; lastKnownFileType = sourcecode.swift; path = PaketWisataTableViewCell.swift; sourceTree = "<group>"; };
		C84DC6C0206B592500C0BDA0 /* MiniProject.app */ = {isa = PBXFileReference; explicitFileType = wrapper.application; includeInIndex = 0; path = MiniProject.app; sourceTree = BUILT_PRODUCTS_DIR; };
		C84DC6C3206B592500C0BDA0 /* AppDelegate.swift */ = {isa = PBXFileReference; lastKnownFileType = sourcecode.swift; path = AppDelegate.swift; sourceTree = "<group>"; };
		C84DC6C5206B592500C0BDA0 /* ViewController.swift */ = {isa = PBXFileReference; lastKnownFileType = sourcecode.swift; path = ViewController.swift; sourceTree = "<group>"; };
		C84DC6C8206B592500C0BDA0 /* Base */ = {isa = PBXFileReference; lastKnownFileType = file.storyboard; name = Base; path = Base.lproj/Main.storyboard; sourceTree = "<group>"; };
		C84DC6CA206B592500C0BDA0 /* Assets.xcassets */ = {isa = PBXFileReference; lastKnownFileType = folder.assetcatalog; path = Assets.xcassets; sourceTree = "<group>"; };
		C84DC6CD206B592500C0BDA0 /* Base */ = {isa = PBXFileReference; lastKnownFileType = file.storyboard; name = Base; path = Base.lproj/LaunchScreen.storyboard; sourceTree = "<group>"; };
		C84DC6CF206B592500C0BDA0 /* Info.plist */ = {isa = PBXFileReference; lastKnownFileType = text.plist.xml; path = Info.plist; sourceTree = "<group>"; };
		C84DC6D4206B592500C0BDA0 /* MiniProjectTests.xctest */ = {isa = PBXFileReference; explicitFileType = wrapper.cfbundle; includeInIndex = 0; path = MiniProjectTests.xctest; sourceTree = BUILT_PRODUCTS_DIR; };
		C84DC6D8206B592500C0BDA0 /* MiniProjectTests.swift */ = {isa = PBXFileReference; lastKnownFileType = sourcecode.swift; path = MiniProjectTests.swift; sourceTree = "<group>"; };
		C84DC6DA206B592500C0BDA0 /* Info.plist */ = {isa = PBXFileReference; lastKnownFileType = text.plist.xml; path = Info.plist; sourceTree = "<group>"; };
		C84DC6DF206B592500C0BDA0 /* MiniProjectUITests.xctest */ = {isa = PBXFileReference; explicitFileType = wrapper.cfbundle; includeInIndex = 0; path = MiniProjectUITests.xctest; sourceTree = BUILT_PRODUCTS_DIR; };
		C84DC6E3206B592500C0BDA0 /* MiniProjectUITests.swift */ = {isa = PBXFileReference; lastKnownFileType = sourcecode.swift; path = MiniProjectUITests.swift; sourceTree = "<group>"; };
		C84DC6E5206B592500C0BDA0 /* Info.plist */ = {isa = PBXFileReference; lastKnownFileType = text.plist.xml; path = Info.plist; sourceTree = "<group>"; };
		C84DC6F2206B59EB00C0BDA0 /* DBWrapper.swift */ = {isa = PBXFileReference; fileEncoding = 4; lastKnownFileType = sourcecode.swift; path = DBWrapper.swift; sourceTree = "<group>"; };
		C84DC6F6206B81DA00C0BDA0 /* LoginViewController.swift */ = {isa = PBXFileReference; lastKnownFileType = sourcecode.swift; path = LoginViewController.swift; sourceTree = "<group>"; };
		C84DC6F8206B9E5100C0BDA0 /* Utilities.swift */ = {isa = PBXFileReference; fileEncoding = 4; lastKnownFileType = sourcecode.swift; path = Utilities.swift; sourceTree = "<group>"; };
		C84DC6FA206B9F0400C0BDA0 /* RegisterViewController.swift */ = {isa = PBXFileReference; lastKnownFileType = sourcecode.swift; path = RegisterViewController.swift; sourceTree = "<group>"; };
		C8F1917E206CF615003F8B8B /* UbahWisataViewController.swift */ = {isa = PBXFileReference; lastKnownFileType = sourcecode.swift; path = UbahWisataViewController.swift; sourceTree = "<group>"; };
		C8FA689D2072237C00F3D52E /* UbahPenginapanViewController.swift */ = {isa = PBXFileReference; lastKnownFileType = sourcecode.swift; path = UbahPenginapanViewController.swift; sourceTree = "<group>"; };
		C8FA689F20722D3D00F3D52E /* PilihTransportasiViewController.swift */ = {isa = PBXFileReference; lastKnownFileType = sourcecode.swift; path = PilihTransportasiViewController.swift; sourceTree = "<group>"; };
		C8FA68A120723CBC00F3D52E /* TambahTransportasiViewController.swift */ = {isa = PBXFileReference; lastKnownFileType = sourcecode.swift; path = TambahTransportasiViewController.swift; sourceTree = "<group>"; };
		C8FA68A320723D6B00F3D52E /* UbahTransportasiViewController.swift */ = {isa = PBXFileReference; lastKnownFileType = sourcecode.swift; path = UbahTransportasiViewController.swift; sourceTree = "<group>"; };
/* End PBXFileReference section */

/* Begin PBXFrameworksBuildPhase section */
		C84DC6BD206B592500C0BDA0 /* Frameworks */ = {
			isa = PBXFrameworksBuildPhase;
			buildActionMask = 2147483647;
			files = (
			);
			runOnlyForDeploymentPostprocessing = 0;
		};
		C84DC6D1206B592500C0BDA0 /* Frameworks */ = {
			isa = PBXFrameworksBuildPhase;
			buildActionMask = 2147483647;
			files = (
			);
			runOnlyForDeploymentPostprocessing = 0;
		};
		C84DC6DC206B592500C0BDA0 /* Frameworks */ = {
			isa = PBXFrameworksBuildPhase;
			buildActionMask = 2147483647;
			files = (
			);
			runOnlyForDeploymentPostprocessing = 0;
		};
/* End PBXFrameworksBuildPhase section */

/* Begin PBXGroup section */
		C8409071207483DE00B3EDD7 /* PaketWisata */ = {
			isa = PBXGroup;
			children = (
				C82C2A77206C8304002F81C5 /* PaketWisataViewController.swift */,
				C840906F2074688D00B3EDD7 /* DetailPaketViewController.swift */,
				C82C2A79206C9586002F81C5 /* TambahPaketViewController.swift */,
				C840908F2074BB9900B3EDD7 /* EditPaketViewController.swift */,
				C82C2A7B206C9609002F81C5 /* PilihWisataViewController.swift */,
				C82C2A7D206CA911002F81C5 /* TambahWisataViewController.swift */,
				C8F1917E206CF615003F8B8B /* UbahWisataViewController.swift */,
				C82C2A81206CD19B002F81C5 /* PilihPenginapanViewController.swift */,
				C82C2A83206CD4C7002F81C5 /* TambahPenginapanViewController.swift */,
				C8FA689D2072237C00F3D52E /* UbahPenginapanViewController.swift */,
				C8FA689F20722D3D00F3D52E /* PilihTransportasiViewController.swift */,
				C8FA68A120723CBC00F3D52E /* TambahTransportasiViewController.swift */,
				C8FA68A320723D6B00F3D52E /* UbahTransportasiViewController.swift */,
				C840908D207493A000B3EDD7 /* PilihPaketViewController.swift */,
			);
			path = PaketWisata;
			sourceTree = "<group>";
		};
		C84090722074845C00B3EDD7 /* Reservasi */ = {
			isa = PBXGroup;
			children = (
				C84090732074847B00B3EDD7 /* AddCustomerViewController.swift */,
				C84090752074847C00B3EDD7 /* AddReservasiViewController.swift */,
				C84090742074847B00B3EDD7 /* EditJadwalViewController.swift */,
				C840907A2074847C00B3EDD7 /* ListCustomerViewController.swift */,
				C840907B2074847C00B3EDD7 /* ListJadwalViewController.swift */,
				C84090762074847C00B3EDD7 /* ReservasiViewController.swift */,
				C84090792074847C00B3EDD7 /* SelectCustomerViewController.swift */,
				C84090772074847C00B3EDD7 /* TambahJadwalViewController.swift */,
				C84090782074847C00B3EDD7 /* UpdateCustomerViewController.swift */,
				C8452C632075D24000E34334 /* DetailReservasiViewController.swift */,
			);
			path = Reservasi;
			sourceTree = "<group>";
		};
		C84B7E182073270700551DCA /* Cell */ = {
			isa = PBXGroup;
			children = (
				C8409086207486B100B3EDD7 /* ListCustomerTableViewCell.swift */,
				C8409087207486B100B3EDD7 /* ListJadwalTableViewCell.swift */,
				C8409088207486B100B3EDD7 /* ReservasiTableViewCell.swift */,
				C8409085207486B100B3EDD7 /* SelectCustomerTableViewCell.swift */,
				C84B7E192073274200551DCA /* PaketWisataTableViewCell.swift */,
			);
			path = Cell;
			sourceTree = "<group>";
		};
		C84DC6B7206B592500C0BDA0 = {
			isa = PBXGroup;
			children = (
				C84DC6C2206B592500C0BDA0 /* MiniProject */,
				C84DC6D7206B592500C0BDA0 /* MiniProjectTests */,
				C84DC6E2206B592500C0BDA0 /* MiniProjectUITests */,
				C84DC6C1206B592500C0BDA0 /* Products */,
			);
			sourceTree = "<group>";
		};
		C84DC6C1206B592500C0BDA0 /* Products */ = {
			isa = PBXGroup;
			children = (
				C84DC6C0206B592500C0BDA0 /* MiniProject.app */,
				C84DC6D4206B592500C0BDA0 /* MiniProjectTests.xctest */,
				C84DC6DF206B592500C0BDA0 /* MiniProjectUITests.xctest */,
			);
			name = Products;
			sourceTree = "<group>";
		};
		C84DC6C2206B592500C0BDA0 /* MiniProject */ = {
			isa = PBXGroup;
			children = (
				C84B7E182073270700551DCA /* Cell */,
				C84DC6F5206B814C00C0BDA0 /* Controller */,
				C84DC6F1206B597A00C0BDA0 /* Singleton */,
				C84DC6C3206B592500C0BDA0 /* AppDelegate.swift */,
				C84DC6C5206B592500C0BDA0 /* ViewController.swift */,
				C84DC6C7206B592500C0BDA0 /* Main.storyboard */,
				C84DC6CA206B592500C0BDA0 /* Assets.xcassets */,
				C84DC6CC206B592500C0BDA0 /* LaunchScreen.storyboard */,
				C84DC6CF206B592500C0BDA0 /* Info.plist */,
			);
			path = MiniProject;
			sourceTree = "<group>";
		};
		C84DC6D7206B592500C0BDA0 /* MiniProjectTests */ = {
			isa = PBXGroup;
			children = (
				C84DC6D8206B592500C0BDA0 /* MiniProjectTests.swift */,
				C84DC6DA206B592500C0BDA0 /* Info.plist */,
			);
			path = MiniProjectTests;
			sourceTree = "<group>";
		};
		C84DC6E2206B592500C0BDA0 /* MiniProjectUITests */ = {
			isa = PBXGroup;
			children = (
				C84DC6E3206B592500C0BDA0 /* MiniProjectUITests.swift */,
				C84DC6E5206B592500C0BDA0 /* Info.plist */,
			);
			path = MiniProjectUITests;
			sourceTree = "<group>";
		};
		C84DC6F1206B597A00C0BDA0 /* Singleton */ = {
			isa = PBXGroup;
			children = (
				C84DC6F8206B9E5100C0BDA0 /* Utilities.swift */,
				C84DC6F2206B59EB00C0BDA0 /* DBWrapper.swift */,
			);
			path = Singleton;
			sourceTree = "<group>";
		};
		C84DC6F5206B814C00C0BDA0 /* Controller */ = {
			isa = PBXGroup;
			children = (
				C84DC6F6206B81DA00C0BDA0 /* LoginViewController.swift */,
				C84DC6FA206B9F0400C0BDA0 /* RegisterViewController.swift */,
				C82C2A7F206CADA2002F81C5 /* HalamanUtamaViewController.swift */,
				C84090722074845C00B3EDD7 /* Reservasi */,
				C8409071207483DE00B3EDD7 /* PaketWisata */,
			);
			path = Controller;
			sourceTree = "<group>";
		};
/* End PBXGroup section */

/* Begin PBXNativeTarget section */
		C84DC6BF206B592500C0BDA0 /* MiniProject */ = {
			isa = PBXNativeTarget;
			buildConfigurationList = C84DC6E8206B592500C0BDA0 /* Build configuration list for PBXNativeTarget "MiniProject" */;
			buildPhases = (
				C84DC6BC206B592500C0BDA0 /* Sources */,
				C84DC6BD206B592500C0BDA0 /* Frameworks */,
				C84DC6BE206B592500C0BDA0 /* Resources */,
			);
			buildRules = (
			);
			dependencies = (
			);
			name = MiniProject;
			productName = MiniProject;
			productReference = C84DC6C0206B592500C0BDA0 /* MiniProject.app */;
			productType = "com.apple.product-type.application";
		};
		C84DC6D3206B592500C0BDA0 /* MiniProjectTests */ = {
			isa = PBXNativeTarget;
			buildConfigurationList = C84DC6EB206B592500C0BDA0 /* Build configuration list for PBXNativeTarget "MiniProjectTests" */;
			buildPhases = (
				C84DC6D0206B592500C0BDA0 /* Sources */,
				C84DC6D1206B592500C0BDA0 /* Frameworks */,
				C84DC6D2206B592500C0BDA0 /* Resources */,
			);
			buildRules = (
			);
			dependencies = (
				C84DC6D6206B592500C0BDA0 /* PBXTargetDependency */,
			);
			name = MiniProjectTests;
			productName = MiniProjectTests;
			productReference = C84DC6D4206B592500C0BDA0 /* MiniProjectTests.xctest */;
			productType = "com.apple.product-type.bundle.unit-test";
		};
		C84DC6DE206B592500C0BDA0 /* MiniProjectUITests */ = {
			isa = PBXNativeTarget;
			buildConfigurationList = C84DC6EE206B592500C0BDA0 /* Build configuration list for PBXNativeTarget "MiniProjectUITests" */;
			buildPhases = (
				C84DC6DB206B592500C0BDA0 /* Sources */,
				C84DC6DC206B592500C0BDA0 /* Frameworks */,
				C84DC6DD206B592500C0BDA0 /* Resources */,
			);
			buildRules = (
			);
			dependencies = (
				C84DC6E1206B592500C0BDA0 /* PBXTargetDependency */,
			);
			name = MiniProjectUITests;
			productName = MiniProjectUITests;
			productReference = C84DC6DF206B592500C0BDA0 /* MiniProjectUITests.xctest */;
			productType = "com.apple.product-type.bundle.ui-testing";
		};
/* End PBXNativeTarget section */

/* Begin PBXProject section */
		C84DC6B8206B592500C0BDA0 /* Project object */ = {
			isa = PBXProject;
			attributes = {
				LastSwiftUpdateCheck = 0900;
				LastUpgradeCheck = 0900;
				ORGANIZATIONNAME = "Mac Mini-07";
				TargetAttributes = {
					C84DC6BF206B592500C0BDA0 = {
						CreatedOnToolsVersion = 9.0.1;
						ProvisioningStyle = Automatic;
					};
					C84DC6D3206B592500C0BDA0 = {
						CreatedOnToolsVersion = 9.0.1;
						ProvisioningStyle = Automatic;
						TestTargetID = C84DC6BF206B592500C0BDA0;
					};
					C84DC6DE206B592500C0BDA0 = {
						CreatedOnToolsVersion = 9.0.1;
						ProvisioningStyle = Automatic;
						TestTargetID = C84DC6BF206B592500C0BDA0;
					};
				};
			};
			buildConfigurationList = C84DC6BB206B592500C0BDA0 /* Build configuration list for PBXProject "MiniProject" */;
			compatibilityVersion = "Xcode 8.0";
			developmentRegion = en;
			hasScannedForEncodings = 0;
			knownRegions = (
				en,
				Base,
			);
			mainGroup = C84DC6B7206B592500C0BDA0;
			productRefGroup = C84DC6C1206B592500C0BDA0 /* Products */;
			projectDirPath = "";
			projectRoot = "";
			targets = (
				C84DC6BF206B592500C0BDA0 /* MiniProject */,
				C84DC6D3206B592500C0BDA0 /* MiniProjectTests */,
				C84DC6DE206B592500C0BDA0 /* MiniProjectUITests */,
			);
		};
/* End PBXProject section */

/* Begin PBXResourcesBuildPhase section */
		C84DC6BE206B592500C0BDA0 /* Resources */ = {
			isa = PBXResourcesBuildPhase;
			buildActionMask = 2147483647;
			files = (
				C84DC6CE206B592500C0BDA0 /* LaunchScreen.storyboard in Resources */,
				C84DC6CB206B592500C0BDA0 /* Assets.xcassets in Resources */,
				C84DC6C9206B592500C0BDA0 /* Main.storyboard in Resources */,
			);
			runOnlyForDeploymentPostprocessing = 0;
		};
		C84DC6D2206B592500C0BDA0 /* Resources */ = {
			isa = PBXResourcesBuildPhase;
			buildActionMask = 2147483647;
			files = (
			);
			runOnlyForDeploymentPostprocessing = 0;
		};
		C84DC6DD206B592500C0BDA0 /* Resources */ = {
			isa = PBXResourcesBuildPhase;
			buildActionMask = 2147483647;
			files = (
			);
			runOnlyForDeploymentPostprocessing = 0;
		};
/* End PBXResourcesBuildPhase section */

/* Begin PBXSourcesBuildPhase section */
		C84DC6BC206B592500C0BDA0 /* Sources */ = {
			isa = PBXSourcesBuildPhase;
			buildActionMask = 2147483647;
			files = (
				C84090802074847C00B3EDD7 /* TambahJadwalViewController.swift in Sources */,
				C84DC6F7206B81DA00C0BDA0 /* LoginViewController.swift in Sources */,
				C82C2A78206C8304002F81C5 /* PaketWisataViewController.swift in Sources */,
				C82C2A7E206CA911002F81C5 /* TambahWisataViewController.swift in Sources */,
				C84DC6C6206B592500C0BDA0 /* ViewController.swift in Sources */,
				C82C2A82206CD19B002F81C5 /* PilihPenginapanViewController.swift in Sources */,
				C82C2A7A206C9586002F81C5 /* TambahPaketViewController.swift in Sources */,
				C84DC6C4206B592500C0BDA0 /* AppDelegate.swift in Sources */,
				C82C2A84206CD4C7002F81C5 /* TambahPenginapanViewController.swift in Sources */,
				C8409089207486B100B3EDD7 /* SelectCustomerTableViewCell.swift in Sources */,
				C840908B207486B100B3EDD7 /* ListJadwalTableViewCell.swift in Sources */,
				C84B7E1A2073274200551DCA /* PaketWisataTableViewCell.swift in Sources */,
				C84090902074BB9900B3EDD7 /* EditPaketViewController.swift in Sources */,
				C84090842074847C00B3EDD7 /* ListJadwalViewController.swift in Sources */,
				C840907D2074847C00B3EDD7 /* EditJadwalViewController.swift in Sources */,
				C84090702074688D00B3EDD7 /* DetailPaketViewController.swift in Sources */,
				C8452C642075D24000E34334 /* DetailReservasiViewController.swift in Sources */,
				C840908E207493A000B3EDD7 /* PilihPaketViewController.swift in Sources */,
				C8FA68A420723D6B00F3D52E /* UbahTransportasiViewController.swift in Sources */,
				C840908A207486B100B3EDD7 /* ListCustomerTableViewCell.swift in Sources */,
				C84090822074847C00B3EDD7 /* SelectCustomerViewController.swift in Sources */,
				C84DC6FB206B9F0400C0BDA0 /* RegisterViewController.swift in Sources */,
				C82C2A7C206C9609002F81C5 /* PilihWisataViewController.swift in Sources */,
				C84DC6F9206B9E5100C0BDA0 /* Utilities.swift in Sources */,
				C8F1917F206CF615003F8B8B /* UbahWisataViewController.swift in Sources */,
				C840907C2074847C00B3EDD7 /* AddCustomerViewController.swift in Sources */,
				C840908C207486B100B3EDD7 /* ReservasiTableViewCell.swift in Sources */,
				C82C2A80206CADA2002F81C5 /* HalamanUtamaViewController.swift in Sources */,
				C8FA689E2072237C00F3D52E /* UbahPenginapanViewController.swift in Sources */,
				C840907F2074847C00B3EDD7 /* ReservasiViewController.swift in Sources */,
				C84DC6F3206B59EB00C0BDA0 /* DBWrapper.swift in Sources */,
				C8FA68A020722D3E00F3D52E /* PilihTransportasiViewController.swift in Sources */,
				C84090832074847C00B3EDD7 /* ListCustomerViewController.swift in Sources */,
				C8FA68A220723CBC00F3D52E /* TambahTransportasiViewController.swift in Sources */,
				C840907E2074847C00B3EDD7 /* AddReservasiViewController.swift in Sources */,
				C84090812074847C00B3EDD7 /* UpdateCustomerViewController.swift in Sources */,
			);
			runOnlyForDeploymentPostprocessing = 0;
		};
		C84DC6D0206B592500C0BDA0 /* Sources */ = {
			isa = PBXSourcesBuildPhase;
			buildActionMask = 2147483647;
			files = (
				C84DC6D9206B592500C0BDA0 /* MiniProjectTests.swift in Sources */,
			);
			runOnlyForDeploymentPostprocessing = 0;
		};
		C84DC6DB206B592500C0BDA0 /* Sources */ = {
			isa = PBXSourcesBuildPhase;
			buildActionMask = 2147483647;
			files = (
				C84DC6E4206B592500C0BDA0 /* MiniProjectUITests.swift in Sources */,
			);
			runOnlyForDeploymentPostprocessing = 0;
		};
/* End PBXSourcesBuildPhase section */

/* Begin PBXTargetDependency section */
		C84DC6D6206B592500C0BDA0 /* PBXTargetDependency */ = {
			isa = PBXTargetDependency;
			target = C84DC6BF206B592500C0BDA0 /* MiniProject */;
			targetProxy = C84DC6D5206B592500C0BDA0 /* PBXContainerItemProxy */;
		};
		C84DC6E1206B592500C0BDA0 /* PBXTargetDependency */ = {
			isa = PBXTargetDependency;
			target = C84DC6BF206B592500C0BDA0 /* MiniProject */;
			targetProxy = C84DC6E0206B592500C0BDA0 /* PBXContainerItemProxy */;
		};
/* End PBXTargetDependency section */

/* Begin PBXVariantGroup section */
		C84DC6C7206B592500C0BDA0 /* Main.storyboard */ = {
			isa = PBXVariantGroup;
			children = (
				C84DC6C8206B592500C0BDA0 /* Base */,
			);
			name = Main.storyboard;
			sourceTree = "<group>";
		};
		C84DC6CC206B592500C0BDA0 /* LaunchScreen.storyboard */ = {
			isa = PBXVariantGroup;
			children = (
				C84DC6CD206B592500C0BDA0 /* Base */,
			);
			name = LaunchScreen.storyboard;
			sourceTree = "<group>";
		};
/* End PBXVariantGroup section */

/* Begin XCBuildConfiguration section */
		C84DC6E6206B592500C0BDA0 /* Debug */ = {
			isa = XCBuildConfiguration;
			buildSettings = {
				ALWAYS_SEARCH_USER_PATHS = NO;
				CLANG_ANALYZER_NONNULL = YES;
				CLANG_ANALYZER_NUMBER_OBJECT_CONVERSION = YES_AGGRESSIVE;
				CLANG_CXX_LANGUAGE_STANDARD = "gnu++14";
				CLANG_CXX_LIBRARY = "libc++";
				CLANG_ENABLE_MODULES = YES;
				CLANG_ENABLE_OBJC_ARC = YES;
				CLANG_WARN_BLOCK_CAPTURE_AUTORELEASING = YES;
				CLANG_WARN_BOOL_CONVERSION = YES;
				CLANG_WARN_COMMA = YES;
				CLANG_WARN_CONSTANT_CONVERSION = YES;
				CLANG_WARN_DIRECT_OBJC_ISA_USAGE = YES_ERROR;
				CLANG_WARN_DOCUMENTATION_COMMENTS = YES;
				CLANG_WARN_EMPTY_BODY = YES;
				CLANG_WARN_ENUM_CONVERSION = YES;
				CLANG_WARN_INFINITE_RECURSION = YES;
				CLANG_WARN_INT_CONVERSION = YES;
				CLANG_WARN_NON_LITERAL_NULL_CONVERSION = YES;
				CLANG_WARN_OBJC_LITERAL_CONVERSION = YES;
				CLANG_WARN_OBJC_ROOT_CLASS = YES_ERROR;
				CLANG_WARN_RANGE_LOOP_ANALYSIS = YES;
				CLANG_WARN_STRICT_PROTOTYPES = YES;
				CLANG_WARN_SUSPICIOUS_MOVE = YES;
				CLANG_WARN_UNGUARDED_AVAILABILITY = YES_AGGRESSIVE;
				CLANG_WARN_UNREACHABLE_CODE = YES;
				CLANG_WARN__DUPLICATE_METHOD_MATCH = YES;
				CODE_SIGN_IDENTITY = "iPhone Developer";
				COPY_PHASE_STRIP = NO;
				DEBUG_INFORMATION_FORMAT = dwarf;
				ENABLE_STRICT_OBJC_MSGSEND = YES;
				ENABLE_TESTABILITY = YES;
				GCC_C_LANGUAGE_STANDARD = gnu11;
				GCC_DYNAMIC_NO_PIC = NO;
				GCC_NO_COMMON_BLOCKS = YES;
				GCC_OPTIMIZATION_LEVEL = 0;
				GCC_PREPROCESSOR_DEFINITIONS = (
					"DEBUG=1",
					"$(inherited)",
				);
				GCC_WARN_64_TO_32_BIT_CONVERSION = YES;
				GCC_WARN_ABOUT_RETURN_TYPE = YES_ERROR;
				GCC_WARN_UNDECLARED_SELECTOR = YES;
				GCC_WARN_UNINITIALIZED_AUTOS = YES_AGGRESSIVE;
				GCC_WARN_UNUSED_FUNCTION = YES;
				GCC_WARN_UNUSED_VARIABLE = YES;
				IPHONEOS_DEPLOYMENT_TARGET = 11.0;
				MTL_ENABLE_DEBUG_INFO = YES;
				ONLY_ACTIVE_ARCH = YES;
				SDKROOT = iphoneos;
				SWIFT_ACTIVE_COMPILATION_CONDITIONS = DEBUG;
				SWIFT_OPTIMIZATION_LEVEL = "-Onone";
			};
			name = Debug;
		};
		C84DC6E7206B592500C0BDA0 /* Release */ = {
			isa = XCBuildConfiguration;
			buildSettings = {
				ALWAYS_SEARCH_USER_PATHS = NO;
				CLANG_ANALYZER_NONNULL = YES;
				CLANG_ANALYZER_NUMBER_OBJECT_CONVERSION = YES_AGGRESSIVE;
				CLANG_CXX_LANGUAGE_STANDARD = "gnu++14";
				CLANG_CXX_LIBRARY = "libc++";
				CLANG_ENABLE_MODULES = YES;
				CLANG_ENABLE_OBJC_ARC = YES;
				CLANG_WARN_BLOCK_CAPTURE_AUTORELEASING = YES;
				CLANG_WARN_BOOL_CONVERSION = YES;
				CLANG_WARN_COMMA = YES;
				CLANG_WARN_CONSTANT_CONVERSION = YES;
				CLANG_WARN_DIRECT_OBJC_ISA_USAGE = YES_ERROR;
				CLANG_WARN_DOCUMENTATION_COMMENTS = YES;
				CLANG_WARN_EMPTY_BODY = YES;
				CLANG_WARN_ENUM_CONVERSION = YES;
				CLANG_WARN_INFINITE_RECURSION = YES;
				CLANG_WARN_INT_CONVERSION = YES;
				CLANG_WARN_NON_LITERAL_NULL_CONVERSION = YES;
				CLANG_WARN_OBJC_LITERAL_CONVERSION = YES;
				CLANG_WARN_OBJC_ROOT_CLASS = YES_ERROR;
				CLANG_WARN_RANGE_LOOP_ANALYSIS = YES;
				CLANG_WARN_STRICT_PROTOTYPES = YES;
				CLANG_WARN_SUSPICIOUS_MOVE = YES;
				CLANG_WARN_UNGUARDED_AVAILABILITY = YES_AGGRESSIVE;
				CLANG_WARN_UNREACHABLE_CODE = YES;
				CLANG_WARN__DUPLICATE_METHOD_MATCH = YES;
				CODE_SIGN_IDENTITY = "iPhone Developer";
				COPY_PHASE_STRIP = NO;
				DEBUG_INFORMATION_FORMAT = "dwarf-with-dsym";
				ENABLE_NS_ASSERTIONS = NO;
				ENABLE_STRICT_OBJC_MSGSEND = YES;
				GCC_C_LANGUAGE_STANDARD = gnu11;
				GCC_NO_COMMON_BLOCKS = YES;
				GCC_WARN_64_TO_32_BIT_CONVERSION = YES;
				GCC_WARN_ABOUT_RETURN_TYPE = YES_ERROR;
				GCC_WARN_UNDECLARED_SELECTOR = YES;
				GCC_WARN_UNINITIALIZED_AUTOS = YES_AGGRESSIVE;
				GCC_WARN_UNUSED_FUNCTION = YES;
				GCC_WARN_UNUSED_VARIABLE = YES;
				IPHONEOS_DEPLOYMENT_TARGET = 11.0;
				MTL_ENABLE_DEBUG_INFO = NO;
				SDKROOT = iphoneos;
				SWIFT_OPTIMIZATION_LEVEL = "-Owholemodule";
				VALIDATE_PRODUCT = YES;
			};
			name = Release;
		};
		C84DC6E9206B592500C0BDA0 /* Debug */ = {
			isa = XCBuildConfiguration;
			buildSettings = {
				ASSETCATALOG_COMPILER_APPICON_NAME = AppIcon;
				CODE_SIGN_STYLE = Automatic;
				INFOPLIST_FILE = MiniProject/Info.plist;
				LD_RUNPATH_SEARCH_PATHS = "$(inherited) @executable_path/Frameworks";
				PRODUCT_BUNDLE_IDENTIFIER = default.MiniProject;
				PRODUCT_NAME = "$(TARGET_NAME)";
				SWIFT_VERSION = 4.0;
				TARGETED_DEVICE_FAMILY = "1,2";
			};
			name = Debug;
		};
		C84DC6EA206B592500C0BDA0 /* Release */ = {
			isa = XCBuildConfiguration;
			buildSettings = {
				ASSETCATALOG_COMPILER_APPICON_NAME = AppIcon;
				CODE_SIGN_STYLE = Automatic;
				INFOPLIST_FILE = MiniProject/Info.plist;
				LD_RUNPATH_SEARCH_PATHS = "$(inherited) @executable_path/Frameworks";
				PRODUCT_BUNDLE_IDENTIFIER = default.MiniProject;
				PRODUCT_NAME = "$(TARGET_NAME)";
				SWIFT_VERSION = 4.0;
				TARGETED_DEVICE_FAMILY = "1,2";
			};
			name = Release;
		};
		C84DC6EC206B592500C0BDA0 /* Debug */ = {
			isa = XCBuildConfiguration;
			buildSettings = {
				ALWAYS_EMBED_SWIFT_STANDARD_LIBRARIES = YES;
				BUNDLE_LOADER = "$(TEST_HOST)";
				CODE_SIGN_STYLE = Automatic;
				INFOPLIST_FILE = MiniProjectTests/Info.plist;
				LD_RUNPATH_SEARCH_PATHS = "$(inherited) @executable_path/Frameworks @loader_path/Frameworks";
				PRODUCT_BUNDLE_IDENTIFIER = default.MiniProjectTests;
				PRODUCT_NAME = "$(TARGET_NAME)";
				SWIFT_VERSION = 4.0;
				TARGETED_DEVICE_FAMILY = "1,2";
				TEST_HOST = "$(BUILT_PRODUCTS_DIR)/MiniProject.app/MiniProject";
			};
			name = Debug;
		};
		C84DC6ED206B592500C0BDA0 /* Release */ = {
			isa = XCBuildConfiguration;
			buildSettings = {
				ALWAYS_EMBED_SWIFT_STANDARD_LIBRARIES = YES;
				BUNDLE_LOADER = "$(TEST_HOST)";
				CODE_SIGN_STYLE = Automatic;
				INFOPLIST_FILE = MiniProjectTests/Info.plist;
				LD_RUNPATH_SEARCH_PATHS = "$(inherited) @executable_path/Frameworks @loader_path/Frameworks";
				PRODUCT_BUNDLE_IDENTIFIER = default.MiniProjectTests;
				PRODUCT_NAME = "$(TARGET_NAME)";
				SWIFT_VERSION = 4.0;
				TARGETED_DEVICE_FAMILY = "1,2";
				TEST_HOST = "$(BUILT_PRODUCTS_DIR)/MiniProject.app/MiniProject";
			};
			name = Release;
		};
		C84DC6EF206B592500C0BDA0 /* Debug */ = {
			isa = XCBuildConfiguration;
			buildSettings = {
				ALWAYS_EMBED_SWIFT_STANDARD_LIBRARIES = YES;
				CODE_SIGN_STYLE = Automatic;
				INFOPLIST_FILE = MiniProjectUITests/Info.plist;
				LD_RUNPATH_SEARCH_PATHS = "$(inherited) @executable_path/Frameworks @loader_path/Frameworks";
				PRODUCT_BUNDLE_IDENTIFIER = default.MiniProjectUITests;
				PRODUCT_NAME = "$(TARGET_NAME)";
				SWIFT_VERSION = 4.0;
				TARGETED_DEVICE_FAMILY = "1,2";
				TEST_TARGET_NAME = MiniProject;
			};
			name = Debug;
		};
		C84DC6F0206B592500C0BDA0 /* Release */ = {
			isa = XCBuildConfiguration;
			buildSettings = {
				ALWAYS_EMBED_SWIFT_STANDARD_LIBRARIES = YES;
				CODE_SIGN_STYLE = Automatic;
				INFOPLIST_FILE = MiniProjectUITests/Info.plist;
				LD_RUNPATH_SEARCH_PATHS = "$(inherited) @executable_path/Frameworks @loader_path/Frameworks";
				PRODUCT_BUNDLE_IDENTIFIER = default.MiniProjectUITests;
				PRODUCT_NAME = "$(TARGET_NAME)";
				SWIFT_VERSION = 4.0;
				TARGETED_DEVICE_FAMILY = "1,2";
				TEST_TARGET_NAME = MiniProject;
			};
			name = Release;
		};
/* End XCBuildConfiguration section */

/* Begin XCConfigurationList section */
		C84DC6BB206B592500C0BDA0 /* Build configuration list for PBXProject "MiniProject" */ = {
			isa = XCConfigurationList;
			buildConfigurations = (
				C84DC6E6206B592500C0BDA0 /* Debug */,
				C84DC6E7206B592500C0BDA0 /* Release */,
			);
			defaultConfigurationIsVisible = 0;
			defaultConfigurationName = Release;
		};
		C84DC6E8206B592500C0BDA0 /* Build configuration list for PBXNativeTarget "MiniProject" */ = {
			isa = XCConfigurationList;
			buildConfigurations = (
				C84DC6E9206B592500C0BDA0 /* Debug */,
				C84DC6EA206B592500C0BDA0 /* Release */,
			);
			defaultConfigurationIsVisible = 0;
			defaultConfigurationName = Release;
		};
		C84DC6EB206B592500C0BDA0 /* Build configuration list for PBXNativeTarget "MiniProjectTests" */ = {
			isa = XCConfigurationList;
			buildConfigurations = (
				C84DC6EC206B592500C0BDA0 /* Debug */,
				C84DC6ED206B592500C0BDA0 /* Release */,
			);
			defaultConfigurationIsVisible = 0;
			defaultConfigurationName = Release;
		};
		C84DC6EE206B592500C0BDA0 /* Build configuration list for PBXNativeTarget "MiniProjectUITests" */ = {
			isa = XCConfigurationList;
			buildConfigurations = (
				C84DC6EF206B592500C0BDA0 /* Debug */,
				C84DC6F0206B592500C0BDA0 /* Release */,
			);
			defaultConfigurationIsVisible = 0;
			defaultConfigurationName = Release;
		};
/* End XCConfigurationList section */
	};
	rootObject = C84DC6B8206B592500C0BDA0 /* Project object */;
}
